
Microsoft Visual Studio Solution File, Format Version 12.00
# Visual Studio 2012
Project("{FAE04EC0-301F-11D3-BF4B-00C04F79EFBC}") = "ListSort Enterprise Edition", "ListSort Enterprise Edition\ListSort Enterprise Edition.csproj", "{CFF8B27C-6667-4F8F-9BCF-E0B01556A74D}"
EndProject
Global
	GlobalSection(SolutionConfigurationPlatforms) = preSolution
		Debug|Any CPU = Debug|Any CPU
		Release|Any CPU = Release|Any CPU
	EndGlobalSection
	GlobalSection(ProjectConfigurationPlatforms) = postSolution
		{CFF8B27C-6667-4F8F-9BCF-E0B01556A74D}.Debug|Any CPU.ActiveCfg = Debug|Any CPU
		{CFF8B27C-6667-4F8F-9BCF-E0B01556A74D}.Debug|Any CPU.Build.0 = Debug|Any CPU
		{CFF8B27C-6667-4F8F-9BCF-E0B01556A74D}.Release|Any CPU.ActiveCfg = Release|Any CPU
		{CFF8B27C-6667-4F8F-9BCF-E0B01556A74D}.Release|Any CPU.Build.0 = Release|Any CPU
	EndGlobalSection
	GlobalSection(SolutionProperties) = preSolution
		HideSolutionNode = FALSE
	EndGlobalSection
EndGlobal
